
Microsoft Visual Studio Solution File, Format Version 12.00
# Visual Studio 15
VisualStudioVersion = 15.0.27428.2015
MinimumVisualStudioVersion = 10.0.40219.1
Project("{9A19103F-16F7-4668-BE54-9A1E7A4F7556}") = "QuantumSimulation", "QuantumSimulation\QuantumSimulation.csproj", "{29BA154F-4088-42F5-8611-468D9E1672CB}"
EndProject
Project("{FAE04EC0-301F-11D3-BF4B-00C04F79EFBC}") = "QuantumSimulation.Tests", "QuantumSimulation.Tests\QuantumSimulation.Tests.csproj", "{CABFD812-81E1-4DE9-8671-F905DC19DC51}"
EndProject
Global
	GlobalSection(SolutionConfigurationPlatforms) = preSolution
		Debug|Any CPU = Debug|Any CPU
		Release|Any CPU = Release|Any CPU
	EndGlobalSection
	GlobalSection(ProjectConfigurationPlatforms) = postSolution
		{29BA154F-4088-42F5-8611-468D9E1672CB}.Debug|Any CPU.ActiveCfg = Debug|Any CPU
		{29BA154F-4088-42F5-8611-468D9E1672CB}.Debug|Any CPU.Build.0 = Debug|Any CPU
		{29BA154F-4088-42F5-8611-468D9E1672CB}.Release|Any CPU.ActiveCfg = Release|Any CPU
		{29BA154F-4088-42F5-8611-468D9E1672CB}.Release|Any CPU.Build.0 = Release|Any CPU
		{CABFD812-81E1-4DE9-8671-F905DC19DC51}.Debug|Any CPU.ActiveCfg = Debug|Any CPU
		{CABFD812-81E1-4DE9-8671-F905DC19DC51}.Debug|Any CPU.Build.0 = Debug|Any CPU
		{CABFD812-81E1-4DE9-8671-F905DC19DC51}.Release|Any CPU.ActiveCfg = Release|Any CPU
		{CABFD812-81E1-4DE9-8671-F905DC19DC51}.Release|Any CPU.Build.0 = Release|Any CPU
	EndGlobalSection
	GlobalSection(SolutionProperties) = preSolution
		HideSolutionNode = FALSE
	EndGlobalSection
	GlobalSection(ExtensibilityGlobals) = postSolution
		SolutionGuid = {11971D11-B43D-43DB-8A22-A45E394BB520}
	EndGlobalSection
EndGlobal
